
Microsoft Visual Studio Solution File, Format Version 12.00
# Visual Studio Version 16
VisualStudioVersion = 16.0.31613.86
MinimumVisualStudioVersion = 10.0.40219.1
Project("{FAE04EC0-301F-11D3-BF4B-00C04F79EFBC}") = "Application", "Application\Application.csproj", "{FF1B041F-8FC9-4FC5-A473-2C96978EF711}"
EndProject
Project("{2150E333-8FDC-42A3-9474-1A3956D46DE8}") = "Solution Items", "Solution Items", "{A258EA52-CD2C-4040-ACC1-D651BA8ED921}"
	ProjectSection(SolutionItems) = preProject
		RPG Combat.md = RPG Combat.md
	EndProjectSection
EndProject
Project("{FAE04EC0-301F-11D3-BF4B-00C04F79EFBC}") = "Domain", "Domain\Domain.csproj", "{9C4C6374-B007-49CD-93CC-32D58CE665F6}"
EndProject
Global
	GlobalSection(SolutionConfigurationPlatforms) = preSolution
		Debug|Any CPU = Debug|Any CPU
		Release|Any CPU = Release|Any CPU
	EndGlobalSection
	GlobalSection(ProjectConfigurationPlatforms) = postSolution
		{FF1B041F-8FC9-4FC5-A473-2C96978EF711}.Debug|Any CPU.ActiveCfg = Debug|Any CPU
		{FF1B041F-8FC9-4FC5-A473-2C96978EF711}.Debug|Any CPU.Build.0 = Debug|Any CPU
		{FF1B041F-8FC9-4FC5-A473-2C96978EF711}.Release|Any CPU.ActiveCfg = Release|Any CPU
		{FF1B041F-8FC9-4FC5-A473-2C96978EF711}.Release|Any CPU.Build.0 = Release|Any CPU
		{9C4C6374-B007-49CD-93CC-32D58CE665F6}.Debug|Any CPU.ActiveCfg = Debug|Any CPU
		{9C4C6374-B007-49CD-93CC-32D58CE665F6}.Debug|Any CPU.Build.0 = Debug|Any CPU
		{9C4C6374-B007-49CD-93CC-32D58CE665F6}.Release|Any CPU.ActiveCfg = Release|Any CPU
		{9C4C6374-B007-49CD-93CC-32D58CE665F6}.Release|Any CPU.Build.0 = Release|Any CPU
	EndGlobalSection
	GlobalSection(SolutionProperties) = preSolution
		HideSolutionNode = FALSE
	EndGlobalSection
	GlobalSection(ExtensibilityGlobals) = postSolution
		SolutionGuid = {B57FB65D-E812-4EE7-A0E8-EE2AA2BB6B83}
	EndGlobalSection
EndGlobal
