
Microsoft Visual Studio Solution File, Format Version 12.00
# Visual Studio Version 17
VisualStudioVersion = 17.1.32421.90
MinimumVisualStudioVersion = 10.0.40219.1
Project("{9A19103F-16F7-4668-BE54-9A1E7A4F7556}") = "Domain", "Domain\Domain.csproj", "{98640116-DDBB-4676-90C7-090EE1B92A0C}"
EndProject
Project("{9A19103F-16F7-4668-BE54-9A1E7A4F7556}") = "Application", "Application\Application.csproj", "{10873457-F1B6-4DF4-B8F5-3BD5A4FBC049}"
EndProject
Project("{9A19103F-16F7-4668-BE54-9A1E7A4F7556}") = "UnitTests", "UnitTests\UnitTests.csproj", "{1DFC4CAB-CB25-4232-A833-D711B5FA78EE}"
EndProject
Project("{9A19103F-16F7-4668-BE54-9A1E7A4F7556}") = "Common", "Common\Common.csproj", "{81E2906A-1322-479C-A2F5-FE92CC3F6F02}"
EndProject
Project("{9A19103F-16F7-4668-BE54-9A1E7A4F7556}") = "ZombieSurvivor", "ZombieSurvivor\ZombieSurvivor.csproj", "{D7A9A931-3767-431F-9680-E65DD44D6E41}"
EndProject
Project("{2150E333-8FDC-42A3-9474-1A3956D46DE8}") = "Solution Items", "Solution Items", "{284D8AB6-7638-4250-9B5D-442CF08BB827}"
	ProjectSection(SolutionItems) = preProject
		ZombieSurvivors.md = ZombieSurvivors.md
	EndProjectSection
EndProject
Global
	GlobalSection(SolutionConfigurationPlatforms) = preSolution
		Debug|Any CPU = Debug|Any CPU
		Release|Any CPU = Release|Any CPU
	EndGlobalSection
	GlobalSection(ProjectConfigurationPlatforms) = postSolution
		{98640116-DDBB-4676-90C7-090EE1B92A0C}.Debug|Any CPU.ActiveCfg = Debug|Any CPU
		{98640116-DDBB-4676-90C7-090EE1B92A0C}.Debug|Any CPU.Build.0 = Debug|Any CPU
		{98640116-DDBB-4676-90C7-090EE1B92A0C}.Release|Any CPU.ActiveCfg = Release|Any CPU
		{98640116-DDBB-4676-90C7-090EE1B92A0C}.Release|Any CPU.Build.0 = Release|Any CPU
		{10873457-F1B6-4DF4-B8F5-3BD5A4FBC049}.Debug|Any CPU.ActiveCfg = Debug|Any CPU
		{10873457-F1B6-4DF4-B8F5-3BD5A4FBC049}.Debug|Any CPU.Build.0 = Debug|Any CPU
		{10873457-F1B6-4DF4-B8F5-3BD5A4FBC049}.Release|Any CPU.ActiveCfg = Release|Any CPU
		{10873457-F1B6-4DF4-B8F5-3BD5A4FBC049}.Release|Any CPU.Build.0 = Release|Any CPU
		{1DFC4CAB-CB25-4232-A833-D711B5FA78EE}.Debug|Any CPU.ActiveCfg = Debug|Any CPU
		{1DFC4CAB-CB25-4232-A833-D711B5FA78EE}.Debug|Any CPU.Build.0 = Debug|Any CPU
		{1DFC4CAB-CB25-4232-A833-D711B5FA78EE}.Release|Any CPU.ActiveCfg = Release|Any CPU
		{1DFC4CAB-CB25-4232-A833-D711B5FA78EE}.Release|Any CPU.Build.0 = Release|Any CPU
		{81E2906A-1322-479C-A2F5-FE92CC3F6F02}.Debug|Any CPU.ActiveCfg = Debug|Any CPU
		{81E2906A-1322-479C-A2F5-FE92CC3F6F02}.Debug|Any CPU.Build.0 = Debug|Any CPU
		{81E2906A-1322-479C-A2F5-FE92CC3F6F02}.Release|Any CPU.ActiveCfg = Release|Any CPU
		{81E2906A-1322-479C-A2F5-FE92CC3F6F02}.Release|Any CPU.Build.0 = Release|Any CPU
		{D7A9A931-3767-431F-9680-E65DD44D6E41}.Debug|Any CPU.ActiveCfg = Debug|Any CPU
		{D7A9A931-3767-431F-9680-E65DD44D6E41}.Debug|Any CPU.Build.0 = Debug|Any CPU
		{D7A9A931-3767-431F-9680-E65DD44D6E41}.Release|Any CPU.ActiveCfg = Release|Any CPU
		{D7A9A931-3767-431F-9680-E65DD44D6E41}.Release|Any CPU.Build.0 = Release|Any CPU
	EndGlobalSection
	GlobalSection(SolutionProperties) = preSolution
		HideSolutionNode = FALSE
	EndGlobalSection
	GlobalSection(ExtensibilityGlobals) = postSolution
		SolutionGuid = {0D84359D-9C34-4F87-A6FB-EFBD5490122B}
	EndGlobalSection
EndGlobal
