
Microsoft Visual Studio Solution File, Format Version 12.00
# Visual Studio Version 16
VisualStudioVersion = 16.0.31613.86
MinimumVisualStudioVersion = 10.0.40219.1
Project("{FAE04EC0-301F-11D3-BF4B-00C04F79EFBC}") = "Domain", "Domain\Domain.csproj", "{98640116-DDBB-4676-90C7-090EE1B92A0C}"
EndProject
Project("{FAE04EC0-301F-11D3-BF4B-00C04F79EFBC}") = "ZombieSurvivor", "ZombieSurvivor.csproj", "{C25AB7C9-AB62-46CF-A352-D20E4087F446}"
EndProject
Project("{FAE04EC0-301F-11D3-BF4B-00C04F79EFBC}") = "Application", "Application\Application.csproj", "{10873457-F1B6-4DF4-B8F5-3BD5A4FBC049}"
EndProject
Project("{FAE04EC0-301F-11D3-BF4B-00C04F79EFBC}") = "UnitTests", "UnitTests\UnitTests.csproj", "{1DFC4CAB-CB25-4232-A833-D711B5FA78EE}"
EndProject
Project("{FAE04EC0-301F-11D3-BF4B-00C04F79EFBC}") = "Common", "Common\Common.csproj", "{81E2906A-1322-479C-A2F5-FE92CC3F6F02}"
EndProject
Global
	GlobalSection(SolutionConfigurationPlatforms) = preSolution
		Debug|Any CPU = Debug|Any CPU
		Release|Any CPU = Release|Any CPU
	EndGlobalSection
	GlobalSection(ProjectConfigurationPlatforms) = postSolution
		{98640116-DDBB-4676-90C7-090EE1B92A0C}.Debug|Any CPU.ActiveCfg = Debug|Any CPU
		{98640116-DDBB-4676-90C7-090EE1B92A0C}.Debug|Any CPU.Build.0 = Debug|Any CPU
		{98640116-DDBB-4676-90C7-090EE1B92A0C}.Release|Any CPU.ActiveCfg = Release|Any CPU
		{98640116-DDBB-4676-90C7-090EE1B92A0C}.Release|Any CPU.Build.0 = Release|Any CPU
		{C25AB7C9-AB62-46CF-A352-D20E4087F446}.Debug|Any CPU.ActiveCfg = Debug|Any CPU
		{C25AB7C9-AB62-46CF-A352-D20E4087F446}.Debug|Any CPU.Build.0 = Debug|Any CPU
		{C25AB7C9-AB62-46CF-A352-D20E4087F446}.Release|Any CPU.ActiveCfg = Release|Any CPU
		{C25AB7C9-AB62-46CF-A352-D20E4087F446}.Release|Any CPU.Build.0 = Release|Any CPU
		{10873457-F1B6-4DF4-B8F5-3BD5A4FBC049}.Debug|Any CPU.ActiveCfg = Debug|Any CPU
		{10873457-F1B6-4DF4-B8F5-3BD5A4FBC049}.Debug|Any CPU.Build.0 = Debug|Any CPU
		{10873457-F1B6-4DF4-B8F5-3BD5A4FBC049}.Release|Any CPU.ActiveCfg = Release|Any CPU
		{10873457-F1B6-4DF4-B8F5-3BD5A4FBC049}.Release|Any CPU.Build.0 = Release|Any CPU
		{1DFC4CAB-CB25-4232-A833-D711B5FA78EE}.Debug|Any CPU.ActiveCfg = Debug|Any CPU
		{1DFC4CAB-CB25-4232-A833-D711B5FA78EE}.Debug|Any CPU.Build.0 = Debug|Any CPU
		{1DFC4CAB-CB25-4232-A833-D711B5FA78EE}.Release|Any CPU.ActiveCfg = Release|Any CPU
		{1DFC4CAB-CB25-4232-A833-D711B5FA78EE}.Release|Any CPU.Build.0 = Release|Any CPU
		{81E2906A-1322-479C-A2F5-FE92CC3F6F02}.Debug|Any CPU.ActiveCfg = Debug|Any CPU
		{81E2906A-1322-479C-A2F5-FE92CC3F6F02}.Debug|Any CPU.Build.0 = Debug|Any CPU
		{81E2906A-1322-479C-A2F5-FE92CC3F6F02}.Release|Any CPU.ActiveCfg = Release|Any CPU
		{81E2906A-1322-479C-A2F5-FE92CC3F6F02}.Release|Any CPU.Build.0 = Release|Any CPU
	EndGlobalSection
	GlobalSection(SolutionProperties) = preSolution
		HideSolutionNode = FALSE
	EndGlobalSection
	GlobalSection(ExtensibilityGlobals) = postSolution
		SolutionGuid = {0D84359D-9C34-4F87-A6FB-EFBD5490122B}
	EndGlobalSection
EndGlobal
